// !$*UTF8*$!
{
	archiveVersion = 1;
	classes = {
	};
	objectVersion = 56;
	objects = {

/* Begin PBXBuildFile section */
		801F99C329A50FD600D896AF /* FlagTableViewCell.swift in Sources */ = {isa = PBXBuildFile; fileRef = 801F99C229A50FD600D896AF /* FlagTableViewCell.swift */; };
		809731BA299E63050056EA4C /* AppDelegate.swift in Sources */ = {isa = PBXBuildFile; fileRef = 809731B9299E63050056EA4C /* AppDelegate.swift */; };
		809731BC299E63050056EA4C /* SceneDelegate.swift in Sources */ = {isa = PBXBuildFile; fileRef = 809731BB299E63050056EA4C /* SceneDelegate.swift */; };
		809731BE299E63050056EA4C /* ViewController.swift in Sources */ = {isa = PBXBuildFile; fileRef = 809731BD299E63050056EA4C /* ViewController.swift */; };
		809731C1299E63050056EA4C /* Main.storyboard in Resources */ = {isa = PBXBuildFile; fileRef = 809731BF299E63050056EA4C /* Main.storyboard */; };
		809731C3299E63070056EA4C /* Assets.xcassets in Resources */ = {isa = PBXBuildFile; fileRef = 809731C2299E63070056EA4C /* Assets.xcassets */; };
		809731C6299E63070056EA4C /* LaunchScreen.storyboard in Resources */ = {isa = PBXBuildFile; fileRef = 809731C4299E63070056EA4C /* LaunchScreen.storyboard */; };
		809D87ED29A4F07A007F809D /* DetailViewController.swift in Sources */ = {isa = PBXBuildFile; fileRef = 809D87EC29A4F07A007F809D /* DetailViewController.swift */; };
		80A047B029A4FD3A003A2AC9 /* Flag_ Ucrânia.png in Resources */ = {isa = PBXBuildFile; fileRef = 80A047A229A4FD3A003A2AC9 /* Flag_ Ucrânia.png */; };
		80A047B129A4FD3A003A2AC9 /* Flag_ EUA.png in Resources */ = {isa = PBXBuildFile; fileRef = 80A047A329A4FD3A003A2AC9 /* Flag_ EUA.png */; };
		80A047B229A4FD3A003A2AC9 /* Flag_ Coreia do Sul.png in Resources */ = {isa = PBXBuildFile; fileRef = 80A047A429A4FD3A003A2AC9 /* Flag_ Coreia do Sul.png */; };
		80A047B329A4FD3A003A2AC9 /* Flag_ Canadá.png in Resources */ = {isa = PBXBuildFile; fileRef = 80A047A529A4FD3A003A2AC9 /* Flag_ Canadá.png */; };
		80A047B429A4FD3A003A2AC9 /* Flag_ Brasil.png in Resources */ = {isa = PBXBuildFile; fileRef = 80A047A629A4FD3A003A2AC9 /* Flag_ Brasil.png */; };
		80A047B529A4FD3A003A2AC9 /* Flag_ Japão.png in Resources */ = {isa = PBXBuildFile; fileRef = 80A047A729A4FD3A003A2AC9 /* Flag_ Japão.png */; };
		80A047B629A4FD3A003A2AC9 /* Flag_ China.png in Resources */ = {isa = PBXBuildFile; fileRef = 80A047A829A4FD3A003A2AC9 /* Flag_ China.png */; };
		80A047B729A4FD3A003A2AC9 /* Flag_ Reino Unido.png in Resources */ = {isa = PBXBuildFile; fileRef = 80A047A929A4FD3A003A2AC9 /* Flag_ Reino Unido.png */; };
		80A047B829A4FD3A003A2AC9 /* Flag_ Rússia.png in Resources */ = {isa = PBXBuildFile; fileRef = 80A047AA29A4FD3A003A2AC9 /* Flag_ Rússia.png */; };
		80A047B929A4FD3A003A2AC9 /* Flag_ Paraguai.png in Resources */ = {isa = PBXBuildFile; fileRef = 80A047AB29A4FD3A003A2AC9 /* Flag_ Paraguai.png */; };
		80A047BA29A4FD3A003A2AC9 /* Flag_ Uruguai.png in Resources */ = {isa = PBXBuildFile; fileRef = 80A047AC29A4FD3A003A2AC9 /* Flag_ Uruguai.png */; };
		80A047BB29A4FD3A003A2AC9 /* Flag_ Austrália.png in Resources */ = {isa = PBXBuildFile; fileRef = 80A047AD29A4FD3A003A2AC9 /* Flag_ Austrália.png */; };
		80A047BC29A4FD3A003A2AC9 /* Flag_ Argentina.png in Resources */ = {isa = PBXBuildFile; fileRef = 80A047AE29A4FD3A003A2AC9 /* Flag_ Argentina.png */; };
		80A047BD29A4FD3A003A2AC9 /* Flag_ Espanha.png in Resources */ = {isa = PBXBuildFile; fileRef = 80A047AF29A4FD3A003A2AC9 /* Flag_ Espanha.png */; };
/* End PBXBuildFile section */

/* Begin PBXFileReference section */
		801F99C229A50FD600D896AF /* FlagTableViewCell.swift */ = {isa = PBXFileReference; lastKnownFileType = sourcecode.swift; path = FlagTableViewCell.swift; sourceTree = "<group>"; };
		809731B6299E63050056EA4C /* Challenge 03 - flags.app */ = {isa = PBXFileReference; explicitFileType = wrapper.application; includeInIndex = 0; path = "Challenge 03 - flags.app"; sourceTree = BUILT_PRODUCTS_DIR; };
		809731B9299E63050056EA4C /* AppDelegate.swift */ = {isa = PBXFileReference; lastKnownFileType = sourcecode.swift; path = AppDelegate.swift; sourceTree = "<group>"; };
		809731BB299E63050056EA4C /* SceneDelegate.swift */ = {isa = PBXFileReference; lastKnownFileType = sourcecode.swift; path = SceneDelegate.swift; sourceTree = "<group>"; };
		809731BD299E63050056EA4C /* ViewController.swift */ = {isa = PBXFileReference; lastKnownFileType = sourcecode.swift; path = ViewController.swift; sourceTree = "<group>"; };
		809731C0299E63050056EA4C /* Base */ = {isa = PBXFileReference; lastKnownFileType = file.storyboard; name = Base; path = Base.lproj/Main.storyboard; sourceTree = "<group>"; };
		809731C2299E63070056EA4C /* Assets.xcassets */ = {isa = PBXFileReference; lastKnownFileType = folder.assetcatalog; path = Assets.xcassets; sourceTree = "<group>"; };
		809731C5299E63070056EA4C /* Base */ = {isa = PBXFileReference; lastKnownFileType = file.storyboard; name = Base; path = Base.lproj/LaunchScreen.storyboard; sourceTree = "<group>"; };
		809731C7299E63070056EA4C /* Info.plist */ = {isa = PBXFileReference; lastKnownFileType = text.plist.xml; path = Info.plist; sourceTree = "<group>"; };
		809D87EC29A4F07A007F809D /* DetailViewController.swift */ = {isa = PBXFileReference; lastKnownFileType = sourcecode.swift; path = DetailViewController.swift; sourceTree = "<group>"; };
		80A047A229A4FD3A003A2AC9 /* Flag_ Ucrânia.png */ = {isa = PBXFileReference; lastKnownFileType = image.png; path = "Flag_ Ucrânia.png"; sourceTree = "<group>"; };
		80A047A329A4FD3A003A2AC9 /* Flag_ EUA.png */ = {isa = PBXFileReference; lastKnownFileType = image.png; path = "Flag_ EUA.png"; sourceTree = "<group>"; };
		80A047A429A4FD3A003A2AC9 /* Flag_ Coreia do Sul.png */ = {isa = PBXFileReference; lastKnownFileType = image.png; path = "Flag_ Coreia do Sul.png"; sourceTree = "<group>"; };
		80A047A529A4FD3A003A2AC9 /* Flag_ Canadá.png */ = {isa = PBXFileReference; lastKnownFileType = image.png; path = "Flag_ Canadá.png"; sourceTree = "<group>"; };
		80A047A629A4FD3A003A2AC9 /* Flag_ Brasil.png */ = {isa = PBXFileReference; lastKnownFileType = image.png; path = "Flag_ Brasil.png"; sourceTree = "<group>"; };
		80A047A729A4FD3A003A2AC9 /* Flag_ Japão.png */ = {isa = PBXFileReference; lastKnownFileType = image.png; path = "Flag_ Japão.png"; sourceTree = "<group>"; };
		80A047A829A4FD3A003A2AC9 /* Flag_ China.png */ = {isa = PBXFileReference; lastKnownFileType = image.png; path = "Flag_ China.png"; sourceTree = "<group>"; };
		80A047A929A4FD3A003A2AC9 /* Flag_ Reino Unido.png */ = {isa = PBXFileReference; lastKnownFileType = image.png; path = "Flag_ Reino Unido.png"; sourceTree = "<group>"; };
		80A047AA29A4FD3A003A2AC9 /* Flag_ Rússia.png */ = {isa = PBXFileReference; lastKnownFileType = image.png; path = "Flag_ Rússia.png"; sourceTree = "<group>"; };
		80A047AB29A4FD3A003A2AC9 /* Flag_ Paraguai.png */ = {isa = PBXFileReference; lastKnownFileType = image.png; path = "Flag_ Paraguai.png"; sourceTree = "<group>"; };
		80A047AC29A4FD3A003A2AC9 /* Flag_ Uruguai.png */ = {isa = PBXFileReference; lastKnownFileType = image.png; path = "Flag_ Uruguai.png"; sourceTree = "<group>"; };
		80A047AD29A4FD3A003A2AC9 /* Flag_ Austrália.png */ = {isa = PBXFileReference; lastKnownFileType = image.png; path = "Flag_ Austrália.png"; sourceTree = "<group>"; };
		80A047AE29A4FD3A003A2AC9 /* Flag_ Argentina.png */ = {isa = PBXFileReference; lastKnownFileType = image.png; path = "Flag_ Argentina.png"; sourceTree = "<group>"; };
		80A047AF29A4FD3A003A2AC9 /* Flag_ Espanha.png */ = {isa = PBXFileReference; lastKnownFileType = image.png; path = "Flag_ Espanha.png"; sourceTree = "<group>"; };
/* End PBXFileReference section */

/* Begin PBXFrameworksBuildPhase section */
		809731B3299E63050056EA4C /* Frameworks */ = {
			isa = PBXFrameworksBuildPhase;
			buildActionMask = 2147483647;
			files = (
			);
			runOnlyForDeploymentPostprocessing = 0;
		};
/* End PBXFrameworksBuildPhase section */

/* Begin PBXGroup section */
		809731AD299E63050056EA4C = {
			isa = PBXGroup;
			children = (
				809731B8299E63050056EA4C /* Challenge 03 - flags */,
				809731B7299E63050056EA4C /* Products */,
			);
			sourceTree = "<group>";
		};
		809731B7299E63050056EA4C /* Products */ = {
			isa = PBXGroup;
			children = (
				809731B6299E63050056EA4C /* Challenge 03 - flags.app */,
			);
			name = Products;
			sourceTree = "<group>";
		};
		809731B8299E63050056EA4C /* Challenge 03 - flags */ = {
			isa = PBXGroup;
			children = (
				809731B9299E63050056EA4C /* AppDelegate.swift */,
				809731BB299E63050056EA4C /* SceneDelegate.swift */,
				809731BD299E63050056EA4C /* ViewController.swift */,
				809D87EC29A4F07A007F809D /* DetailViewController.swift */,
				801F99C229A50FD600D896AF /* FlagTableViewCell.swift */,
				809731BF299E63050056EA4C /* Main.storyboard */,
				809731C2299E63070056EA4C /* Assets.xcassets */,
				809731C4299E63070056EA4C /* LaunchScreen.storyboard */,
				809731C7299E63070056EA4C /* Info.plist */,
				80A047A129A4FD3A003A2AC9 /* flags */,
			);
			path = "Challenge 03 - flags";
			sourceTree = "<group>";
		};
		80A047A129A4FD3A003A2AC9 /* flags */ = {
			isa = PBXGroup;
			children = (
				80A047A229A4FD3A003A2AC9 /* Flag_ Ucrânia.png */,
				80A047A329A4FD3A003A2AC9 /* Flag_ EUA.png */,
				80A047A429A4FD3A003A2AC9 /* Flag_ Coreia do Sul.png */,
				80A047A529A4FD3A003A2AC9 /* Flag_ Canadá.png */,
				80A047A629A4FD3A003A2AC9 /* Flag_ Brasil.png */,
				80A047A729A4FD3A003A2AC9 /* Flag_ Japão.png */,
				80A047A829A4FD3A003A2AC9 /* Flag_ China.png */,
				80A047A929A4FD3A003A2AC9 /* Flag_ Reino Unido.png */,
				80A047AA29A4FD3A003A2AC9 /* Flag_ Rússia.png */,
				80A047AB29A4FD3A003A2AC9 /* Flag_ Paraguai.png */,
				80A047AC29A4FD3A003A2AC9 /* Flag_ Uruguai.png */,
				80A047AD29A4FD3A003A2AC9 /* Flag_ Austrália.png */,
				80A047AE29A4FD3A003A2AC9 /* Flag_ Argentina.png */,
				80A047AF29A4FD3A003A2AC9 /* Flag_ Espanha.png */,
			);
			path = flags;
			sourceTree = "<group>";
		};
/* End PBXGroup section */

/* Begin PBXNativeTarget section */
		809731B5299E63050056EA4C /* Challenge 03 - flags */ = {
			isa = PBXNativeTarget;
			buildConfigurationList = 809731CA299E63070056EA4C /* Build configuration list for PBXNativeTarget "Challenge 03 - flags" */;
			buildPhases = (
				809731B2299E63050056EA4C /* Sources */,
				809731B3299E63050056EA4C /* Frameworks */,
				809731B4299E63050056EA4C /* Resources */,
			);
			buildRules = (
			);
			dependencies = (
			);
			name = "Challenge 03 - flags";
			productName = "Challenge 03 - flags";
			productReference = 809731B6299E63050056EA4C /* Challenge 03 - flags.app */;
			productType = "com.apple.product-type.application";
		};
/* End PBXNativeTarget section */

/* Begin PBXProject section */
		809731AE299E63050056EA4C /* Project object */ = {
			isa = PBXProject;
			attributes = {
				BuildIndependentTargetsInParallel = 1;
				LastSwiftUpdateCheck = 1420;
				LastUpgradeCheck = 1420;
				TargetAttributes = {
					809731B5299E63050056EA4C = {
						CreatedOnToolsVersion = 14.2;
					};
				};
			};
			buildConfigurationList = 809731B1299E63050056EA4C /* Build configuration list for PBXProject "Challenge 03 - flags" */;
			compatibilityVersion = "Xcode 14.0";
			developmentRegion = en;
			hasScannedForEncodings = 0;
			knownRegions = (
				en,
				Base,
			);
			mainGroup = 809731AD299E63050056EA4C;
			productRefGroup = 809731B7299E63050056EA4C /* Products */;
			projectDirPath = "";
			projectRoot = "";
			targets = (
				809731B5299E63050056EA4C /* Challenge 03 - flags */,
			);
		};
/* End PBXProject section */

/* Begin PBXResourcesBuildPhase section */
		809731B4299E63050056EA4C /* Resources */ = {
			isa = PBXResourcesBuildPhase;
			buildActionMask = 2147483647;
			files = (
				80A047B329A4FD3A003A2AC9 /* Flag_ Canadá.png in Resources */,
				80A047B429A4FD3A003A2AC9 /* Flag_ Brasil.png in Resources */,
				809731C6299E63070056EA4C /* LaunchScreen.storyboard in Resources */,
				80A047BA29A4FD3A003A2AC9 /* Flag_ Uruguai.png in Resources */,
				80A047B229A4FD3A003A2AC9 /* Flag_ Coreia do Sul.png in Resources */,
				80A047B929A4FD3A003A2AC9 /* Flag_ Paraguai.png in Resources */,
				80A047B629A4FD3A003A2AC9 /* Flag_ China.png in Resources */,
				80A047B829A4FD3A003A2AC9 /* Flag_ Rússia.png in Resources */,
				80A047BC29A4FD3A003A2AC9 /* Flag_ Argentina.png in Resources */,
				80A047BB29A4FD3A003A2AC9 /* Flag_ Austrália.png in Resources */,
				80A047B129A4FD3A003A2AC9 /* Flag_ EUA.png in Resources */,
				80A047B529A4FD3A003A2AC9 /* Flag_ Japão.png in Resources */,
				809731C3299E63070056EA4C /* Assets.xcassets in Resources */,
				809731C1299E63050056EA4C /* Main.storyboard in Resources */,
				80A047B729A4FD3A003A2AC9 /* Flag_ Reino Unido.png in Resources */,
				80A047BD29A4FD3A003A2AC9 /* Flag_ Espanha.png in Resources */,
				80A047B029A4FD3A003A2AC9 /* Flag_ Ucrânia.png in Resources */,
			);
			runOnlyForDeploymentPostprocessing = 0;
		};
/* End PBXResourcesBuildPhase section */

/* Begin PBXSourcesBuildPhase section */
		809731B2299E63050056EA4C /* Sources */ = {
			isa = PBXSourcesBuildPhase;
			buildActionMask = 2147483647;
			files = (
				809731BE299E63050056EA4C /* ViewController.swift in Sources */,
				809731BA299E63050056EA4C /* AppDelegate.swift in Sources */,
				809731BC299E63050056EA4C /* SceneDelegate.swift in Sources */,
				809D87ED29A4F07A007F809D /* DetailViewController.swift in Sources */,
				801F99C329A50FD600D896AF /* FlagTableViewCell.swift in Sources */,
			);
			runOnlyForDeploymentPostprocessing = 0;
		};
/* End PBXSourcesBuildPhase section */

/* Begin PBXVariantGroup section */
		809731BF299E63050056EA4C /* Main.storyboard */ = {
			isa = PBXVariantGroup;
			children = (
				809731C0299E63050056EA4C /* Base */,
			);
			name = Main.storyboard;
			sourceTree = "<group>";
		};
		809731C4299E63070056EA4C /* LaunchScreen.storyboard */ = {
			isa = PBXVariantGroup;
			children = (
				809731C5299E63070056EA4C /* Base */,
			);
			name = LaunchScreen.storyboard;
			sourceTree = "<group>";
		};
/* End PBXVariantGroup section */

/* Begin XCBuildConfiguration section */
		809731C8299E63070056EA4C /* Debug */ = {
			isa = XCBuildConfiguration;
			buildSettings = {
				ALWAYS_SEARCH_USER_PATHS = NO;
				CLANG_ANALYZER_NONNULL = YES;
				CLANG_ANALYZER_NUMBER_OBJECT_CONVERSION = YES_AGGRESSIVE;
				CLANG_CXX_LANGUAGE_STANDARD = "gnu++20";
				CLANG_ENABLE_MODULES = YES;
				CLANG_ENABLE_OBJC_ARC = YES;
				CLANG_ENABLE_OBJC_WEAK = YES;
				CLANG_WARN_BLOCK_CAPTURE_AUTORELEASING = YES;
				CLANG_WARN_BOOL_CONVERSION = YES;
				CLANG_WARN_COMMA = YES;
				CLANG_WARN_CONSTANT_CONVERSION = YES;
				CLANG_WARN_DEPRECATED_OBJC_IMPLEMENTATIONS = YES;
				CLANG_WARN_DIRECT_OBJC_ISA_USAGE = YES_ERROR;
				CLANG_WARN_DOCUMENTATION_COMMENTS = YES;
				CLANG_WARN_EMPTY_BODY = YES;
				CLANG_WARN_ENUM_CONVERSION = YES;
				CLANG_WARN_INFINITE_RECURSION = YES;
				CLANG_WARN_INT_CONVERSION = YES;
				CLANG_WARN_NON_LITERAL_NULL_CONVERSION = YES;
				CLANG_WARN_OBJC_IMPLICIT_RETAIN_SELF = YES;
				CLANG_WARN_OBJC_LITERAL_CONVERSION = YES;
				CLANG_WARN_OBJC_ROOT_CLASS = YES_ERROR;
				CLANG_WARN_QUOTED_INCLUDE_IN_FRAMEWORK_HEADER = YES;
				CLANG_WARN_RANGE_LOOP_ANALYSIS = YES;
				CLANG_WARN_STRICT_PROTOTYPES = YES;
				CLANG_WARN_SUSPICIOUS_MOVE = YES;
				CLANG_WARN_UNGUARDED_AVAILABILITY = YES_AGGRESSIVE;
				CLANG_WARN_UNREACHABLE_CODE = YES;
				CLANG_WARN__DUPLICATE_METHOD_MATCH = YES;
				COPY_PHASE_STRIP = NO;
				DEBUG_INFORMATION_FORMAT = dwarf;
				ENABLE_STRICT_OBJC_MSGSEND = YES;
				ENABLE_TESTABILITY = YES;
				GCC_C_LANGUAGE_STANDARD = gnu11;
				GCC_DYNAMIC_NO_PIC = NO;
				GCC_NO_COMMON_BLOCKS = YES;
				GCC_OPTIMIZATION_LEVEL = 0;
				GCC_PREPROCESSOR_DEFINITIONS = (
					"DEBUG=1",
					"$(inherited)",
				);
				GCC_WARN_64_TO_32_BIT_CONVERSION = YES;
				GCC_WARN_ABOUT_RETURN_TYPE = YES_ERROR;
				GCC_WARN_UNDECLARED_SELECTOR = YES;
				GCC_WARN_UNINITIALIZED_AUTOS = YES_AGGRESSIVE;
				GCC_WARN_UNUSED_FUNCTION = YES;
				GCC_WARN_UNUSED_VARIABLE = YES;
				IPHONEOS_DEPLOYMENT_TARGET = 16.2;
				MTL_ENABLE_DEBUG_INFO = INCLUDE_SOURCE;
				MTL_FAST_MATH = YES;
				ONLY_ACTIVE_ARCH = YES;
				SDKROOT = iphoneos;
				SWIFT_ACTIVE_COMPILATION_CONDITIONS = DEBUG;
				SWIFT_OPTIMIZATION_LEVEL = "-Onone";
			};
			name = Debug;
		};
		809731C9299E63070056EA4C /* Release */ = {
			isa = XCBuildConfiguration;
			buildSettings = {
				ALWAYS_SEARCH_USER_PATHS = NO;
				CLANG_ANALYZER_NONNULL = YES;
				CLANG_ANALYZER_NUMBER_OBJECT_CONVERSION = YES_AGGRESSIVE;
				CLANG_CXX_LANGUAGE_STANDARD = "gnu++20";
				CLANG_ENABLE_MODULES = YES;
				CLANG_ENABLE_OBJC_ARC = YES;
				CLANG_ENABLE_OBJC_WEAK = YES;
				CLANG_WARN_BLOCK_CAPTURE_AUTORELEASING = YES;
				CLANG_WARN_BOOL_CONVERSION = YES;
				CLANG_WARN_COMMA = YES;
				CLANG_WARN_CONSTANT_CONVERSION = YES;
				CLANG_WARN_DEPRECATED_OBJC_IMPLEMENTATIONS = YES;
				CLANG_WARN_DIRECT_OBJC_ISA_USAGE = YES_ERROR;
				CLANG_WARN_DOCUMENTATION_COMMENTS = YES;
				CLANG_WARN_EMPTY_BODY = YES;
				CLANG_WARN_ENUM_CONVERSION = YES;
				CLANG_WARN_INFINITE_RECURSION = YES;
				CLANG_WARN_INT_CONVERSION = YES;
				CLANG_WARN_NON_LITERAL_NULL_CONVERSION = YES;
				CLANG_WARN_OBJC_IMPLICIT_RETAIN_SELF = YES;
				CLANG_WARN_OBJC_LITERAL_CONVERSION = YES;
				CLANG_WARN_OBJC_ROOT_CLASS = YES_ERROR;
				CLANG_WARN_QUOTED_INCLUDE_IN_FRAMEWORK_HEADER = YES;
				CLANG_WARN_RANGE_LOOP_ANALYSIS = YES;
				CLANG_WARN_STRICT_PROTOTYPES = YES;
				CLANG_WARN_SUSPICIOUS_MOVE = YES;
				CLANG_WARN_UNGUARDED_AVAILABILITY = YES_AGGRESSIVE;
				CLANG_WARN_UNREACHABLE_CODE = YES;
				CLANG_WARN__DUPLICATE_METHOD_MATCH = YES;
				COPY_PHASE_STRIP = NO;
				DEBUG_INFORMATION_FORMAT = "dwarf-with-dsym";
				ENABLE_NS_ASSERTIONS = NO;
				ENABLE_STRICT_OBJC_MSGSEND = YES;
				GCC_C_LANGUAGE_STANDARD = gnu11;
				GCC_NO_COMMON_BLOCKS = YES;
				GCC_WARN_64_TO_32_BIT_CONVERSION = YES;
				GCC_WARN_ABOUT_RETURN_TYPE = YES_ERROR;
				GCC_WARN_UNDECLARED_SELECTOR = YES;
				GCC_WARN_UNINITIALIZED_AUTOS = YES_AGGRESSIVE;
				GCC_WARN_UNUSED_FUNCTION = YES;
				GCC_WARN_UNUSED_VARIABLE = YES;
				IPHONEOS_DEPLOYMENT_TARGET = 16.2;
				MTL_ENABLE_DEBUG_INFO = NO;
				MTL_FAST_MATH = YES;
				SDKROOT = iphoneos;
				SWIFT_COMPILATION_MODE = wholemodule;
				SWIFT_OPTIMIZATION_LEVEL = "-O";
				VALIDATE_PRODUCT = YES;
			};
			name = Release;
		};
		809731CB299E63070056EA4C /* Debug */ = {
			isa = XCBuildConfiguration;
			buildSettings = {
				ASSETCATALOG_COMPILER_APPICON_NAME = AppIcon;
				ASSETCATALOG_COMPILER_GLOBAL_ACCENT_COLOR_NAME = AccentColor;
				CODE_SIGN_STYLE = Automatic;
				CURRENT_PROJECT_VERSION = 1;
				GENERATE_INFOPLIST_FILE = YES;
				INFOPLIST_FILE = "Challenge 03 - flags/Info.plist";
				INFOPLIST_KEY_UIApplicationSupportsIndirectInputEvents = YES;
				INFOPLIST_KEY_UILaunchStoryboardName = LaunchScreen;
				INFOPLIST_KEY_UIMainStoryboardFile = Main;
				INFOPLIST_KEY_UISupportedInterfaceOrientations_iPad = "UIInterfaceOrientationPortrait UIInterfaceOrientationPortraitUpsideDown UIInterfaceOrientationLandscapeLeft UIInterfaceOrientationLandscapeRight";
				INFOPLIST_KEY_UISupportedInterfaceOrientations_iPhone = "UIInterfaceOrientationPortrait UIInterfaceOrientationLandscapeLeft UIInterfaceOrientationLandscapeRight";
				IPHONEOS_DEPLOYMENT_TARGET = 15.0;
				LD_RUNPATH_SEARCH_PATHS = (
					"$(inherited)",
					"@executable_path/Frameworks",
				);
				MARKETING_VERSION = 1.0;
				PRODUCT_BUNDLE_IDENTIFIER = "com.example.Challenge-03---flags";
				PRODUCT_NAME = "$(TARGET_NAME)";
				SWIFT_EMIT_LOC_STRINGS = YES;
				SWIFT_VERSION = 5.0;
				TARGETED_DEVICE_FAMILY = "1,2";
			};
			name = Debug;
		};
		809731CC299E63070056EA4C /* Release */ = {
			isa = XCBuildConfiguration;
			buildSettings = {
				ASSETCATALOG_COMPILER_APPICON_NAME = AppIcon;
				ASSETCATALOG_COMPILER_GLOBAL_ACCENT_COLOR_NAME = AccentColor;
				CODE_SIGN_STYLE = Automatic;
				CURRENT_PROJECT_VERSION = 1;
				GENERATE_INFOPLIST_FILE = YES;
				INFOPLIST_FILE = "Challenge 03 - flags/Info.plist";
				INFOPLIST_KEY_UIApplicationSupportsIndirectInputEvents = YES;
				INFOPLIST_KEY_UILaunchStoryboardName = LaunchScreen;
				INFOPLIST_KEY_UIMainStoryboardFile = Main;
				INFOPLIST_KEY_UISupportedInterfaceOrientations_iPad = "UIInterfaceOrientationPortrait UIInterfaceOrientationPortraitUpsideDown UIInterfaceOrientationLandscapeLeft UIInterfaceOrientationLandscapeRight";
				INFOPLIST_KEY_UISupportedInterfaceOrientations_iPhone = "UIInterfaceOrientationPortrait UIInterfaceOrientationLandscapeLeft UIInterfaceOrientationLandscapeRight";
				IPHONEOS_DEPLOYMENT_TARGET = 15.0;
				LD_RUNPATH_SEARCH_PATHS = (
					"$(inherited)",
					"@executable_path/Frameworks",
				);
				MARKETING_VERSION = 1.0;
				PRODUCT_BUNDLE_IDENTIFIER = "com.example.Challenge-03---flags";
				PRODUCT_NAME = "$(TARGET_NAME)";
				SWIFT_EMIT_LOC_STRINGS = YES;
				SWIFT_VERSION = 5.0;
				TARGETED_DEVICE_FAMILY = "1,2";
			};
			name = Release;
		};
/* End XCBuildConfiguration section */

/* Begin XCConfigurationList section */
		809731B1299E63050056EA4C /* Build configuration list for PBXProject "Challenge 03 - flags" */ = {
			isa = XCConfigurationList;
			buildConfigurations = (
				809731C8299E63070056EA4C /* Debug */,
				809731C9299E63070056EA4C /* Release */,
			);
			defaultConfigurationIsVisible = 0;
			defaultConfigurationName = Release;
		};
		809731CA299E63070056EA4C /* Build configuration list for PBXNativeTarget "Challenge 03 - flags" */ = {
			isa = XCConfigurationList;
			buildConfigurations = (
				809731CB299E63070056EA4C /* Debug */,
				809731CC299E63070056EA4C /* Release */,
			);
			defaultConfigurationIsVisible = 0;
			defaultConfigurationName = Release;
		};
/* End XCConfigurationList section */
	};
	rootObject = 809731AE299E63050056EA4C /* Project object */;
}
